
Microsoft Visual Studio Solution File, Format Version 12.00
# Visual Studio Version 16
VisualStudioVersion = 16.0.30717.126
MinimumVisualStudioVersion = 10.0.40219.1
Project("{F184B08F-C81C-45F6-A57F-5ABD9991F28F}") = "SlothPics", "SlothPics.vbproj", "{A7260972-FF08-4BEA-8267-178D71F3C49A}"
EndProject
Global
	GlobalSection(SolutionConfigurationPlatforms) = preSolution
		Debug|Any CPU = Debug|Any CPU
		Release|Any CPU = Release|Any CPU
	EndGlobalSection
	GlobalSection(ProjectConfigurationPlatforms) = postSolution
		{A7260972-FF08-4BEA-8267-178D71F3C49A}.Debug|Any CPU.ActiveCfg = Debug|Any CPU
		{A7260972-FF08-4BEA-8267-178D71F3C49A}.Debug|Any CPU.Build.0 = Debug|Any CPU
		{A7260972-FF08-4BEA-8267-178D71F3C49A}.Release|Any CPU.ActiveCfg = Release|Any CPU
		{A7260972-FF08-4BEA-8267-178D71F3C49A}.Release|Any CPU.Build.0 = Release|Any CPU
	EndGlobalSection
	GlobalSection(SolutionProperties) = preSolution
		HideSolutionNode = FALSE
	EndGlobalSection
	GlobalSection(ExtensibilityGlobals) = postSolution
		SolutionGuid = {9520CF12-ADD6-404F-8107-ED320814F472}
	EndGlobalSection
EndGlobal
